{"format_version":"1.0","provider_schemas":{"registry.terraform.io/kionsoftware/kion":{"provider":{"version":0,"block":{"attributes":{"apikey":{"type":"string","description":"The API key generated from Kion. Example: app_1_XXXXXXXXXXXX.","description_kind":"plain","required":true,"sensitive":true},"apipath":{"type":"string","description":"The base path of the API. Defaults to /api","description_kind":"plain","optional":true},"skipsslvalidation":{"type":"bool","description":"If true, will skip SSL validation.","description_kind":"plain","optional":true},"url":{"type":"string","description":"The URL of a Kion installation. Example: https://kion.example.com.","description_kind":"plain","required":true}},"description_kind":"plain"}},"resource_schemas":{"kion_aws_account":{"version":0,"block":{"attributes":{"account_alias":{"type":"string","description":"Account alias is an optional short unique name that helps identify the account within Kion.","description_kind":"plain","optional":true},"account_number":{"type":"string","description":"The account number of the AWS account.  If account_number is provided, the existing account will be imported into Kion.  If account_number is omitted, a new account will be created.","description_kind":"plain","optional":true,"computed":true},"account_type_id":{"type":"number","description":"An ID representing the account type within Kion.","description_kind":"plain","optional":true,"computed":true},"car_external_id":{"type":"string","description":"The external ID used when assuming cloud access roles.","description_kind":"plain","computed":true},"commercial_account_name":{"type":"string","description":"The name used when creating new commercial account.","description_kind":"plain","optional":true},"create_govcloud":{"type":"bool","description":"True to create an AWS GovCloud account.","description_kind":"plain","optional":true},"created_at":{"type":"string","description_kind":"plain","computed":true},"email":{"type":"string","description":"The root email address to associate with a new account.  Required when creating a new account unless an account placeholder email has been set.","description_kind":"plain","optional":true,"computed":true},"gov_account_name":{"type":"string","description":"The name used when creating new GovCloud account.","description_kind":"plain","optional":true},"id":{"type":"string","description_kind":"plain","optional":true,"computed":true},"include_linked_account_spend":{"type":"bool","description":"True to associate spend from a linked GovCloud account with this account.","description_kind":"plain","optional":true,"computed":true},"labels":{"type":["map","string"],"description":"A map of labels to assign to the account. The labels must already exist in Kion.","description_kind":"plain","optional":true},"last_updated":{"type":"string","description_kind":"plain","optional":true,"computed":true},"linked_account_number":{"type":"string","description":"For AWS GovCloud accounts, this is the linked commercial account.  Otherwise this is empty.","description_kind":"plain","computed":true},"linked_role":{"type":"string","description":"The AWS organization service role.","description_kind":"plain","optional":true},"location":{"type":"string","description":"Where the account is attached.  Either \"project\" or \"cache\".","description_kind":"plain","computed":true},"name":{"type":"string","description":"The name of the AWS account within Kion.","description_kind":"plain","required":true},"payer_id":{"type":"number","description":"The ID of the billing source containing billing data for this account.","description_kind":"plain","required":true},"project_id":{"type":"number","description":"The ID of the Kion project to place this account within.  If empty, the account will be placed within the account cache.","description_kind":"plain","optional":true},"service_external_id":{"type":"string","description":"The external ID used for automated internal actions using the service role for this account.","description_kind":"plain","computed":true},"skip_access_checking":{"type":"bool","description":"True to skip periodic access checking on the account.","description_kind":"plain","optional":true,"computed":true},"start_datecode":{"type":"string","description":"Date when the AWS account will starting submitting payments against a funding source (YYYY-MM).  Required if placing an account within a project.","description_kind":"plain","optional":true,"computed":true},"use_org_account_info":{"type":"bool","description":"True to keep the account name and email address in Kion in sync with the account name and email address as set in AWS Organization.","description_kind":"plain","optional":true,"computed":true}},"block_types":{"aws_organizational_unit":{"nesting_mode":"set","block":{"attributes":{"name":{"type":"string","description":"Name of the organizational unit in AWS.","description_kind":"plain","required":true},"org_unit_id":{"type":"string","description":"OUID of the AWS Organization unit.","description_kind":"plain","required":true}},"description":"Where to place this account within AWS Organization when creating an account.","description_kind":"plain"},"max_items":1},"move_project_settings":{"nesting_mode":"set","block":{"attributes":{"financials":{"type":"string","description":"One of \"move\" or \"preserve\".  If \"move\", financial history will be moved to the new project beginning on the date specified by the move_datecode parameter.  If \"preserve\", financial history will be preserved on the current project.","description_kind":"plain","optional":true},"move_datecode":{"type":"number","description":"The start date to use when moving financial data in YYYYMM format.  This only applies when financials is set to move.  If provided, only financial data from this date to the current month will be moved to the new project.  If omitted or 0, all financial data will be moved to the new project.","description_kind":"plain","optional":true}},"description":"Parameters used when moving an account between Kion projects.  These settings are ignored unless moving an account.","description_kind":"plain"},"max_items":1}},"description":"Creates or imports an AWS Account and adds it to a Kion project or the Kion account cache.\n\nIf `account_number` is provided, an existing account will be imported into Kion, otherwise a new AWS account will be created.  If `project_id` is provided the account will be added to the corresponding project, otherwise the account will be added to the account cache.\n\nOnce added, an account can be moved between projects or in and out of the account cache by changing the `project_id`.  When moving accounts between projects, use `move_project_settings` to control how financials will be treated between the old and new project.\n\nWhen importing an existing Kion account into terraform state (different from using terraform to import an existing AWS account into Kion), you must use the `account_id=` or `account_cache_id=` ID prefix to indicate whether the ID is an account ID or a cached account ID.\n\nFor example:\n\n    terraform import kion_aws_account.test-account account_id=123\n    terraform import kion_aws_account.test-cached-account account_cache_id=321\n\n**NOTE:** This resource requires Kion v3.8.4 or greater.","description_kind":"plain"}},"kion_aws_cloudformation_template":{"version":0,"block":{"attributes":{"description":{"type":"string","description_kind":"plain","optional":true},"id":{"type":"string","description_kind":"plain","optional":true,"computed":true},"last_updated":{"type":"string","description_kind":"plain","optional":true,"computed":true},"name":{"type":"string","description_kind":"plain","required":true},"policy":{"type":"string","description_kind":"plain","required":true},"region":{"type":"string","description_kind":"plain","optional":true},"regions":{"type":["set","string"],"description_kind":"plain","required":true},"sns_arns":{"type":"string","description_kind":"plain","optional":true},"tags":{"type":["map","string"],"description":"Stack-level tags will apply to all supported resources in a CloudFormation stack.  Requires Kion \u003e= 3.7.1.","description_kind":"plain","optional":true},"template_parameters":{"type":"string","description_kind":"plain","optional":true},"termination_protection":{"type":"bool","description_kind":"plain","optional":true}},"block_types":{"owner_user_groups":{"nesting_mode":"set","block":{"attributes":{"id":{"type":"number","description_kind":"plain","optional":true}},"description":"Must provide at least the owner_user_groups field or the owner_users field.","description_kind":"plain"}},"owner_users":{"nesting_mode":"set","block":{"attributes":{"id":{"type":"number","description_kind":"plain","optional":true}},"description":"Must provide at least the owner_user_groups field or the owner_users field.","description_kind":"plain"}}},"description_kind":"plain"}},"kion_aws_iam_policy":{"version":0,"block":{"attributes":{"aws_iam_path":{"type":"string","description_kind":"plain","optional":true},"aws_managed_policy":{"type":"bool","description_kind":"plain","computed":true},"description":{"type":"string","description_kind":"plain","optional":true},"id":{"type":"string","description_kind":"plain","optional":true,"computed":true},"last_updated":{"type":"string","description_kind":"plain","optional":true,"computed":true},"name":{"type":"string","description_kind":"plain","required":true},"path_suffix":{"type":"string","description_kind":"plain","computed":true},"policy":{"type":"string","description_kind":"plain","required":true},"system_managed_policy":{"type":"bool","description_kind":"plain","computed":true}},"block_types":{"owner_user_groups":{"nesting_mode":"set","block":{"attributes":{"id":{"type":"number","description_kind":"plain","optional":true}},"description":"Must provide at least the owner_user_groups field or the owner_users field.","description_kind":"plain"}},"owner_users":{"nesting_mode":"set","block":{"attributes":{"id":{"type":"number","description_kind":"plain","optional":true}},"description":"Must provide at least the owner_user_groups field or the owner_users field.","description_kind":"plain"}}},"description_kind":"plain"}},"kion_azure_account":{"version":0,"block":{"attributes":{"account_alias":{"type":"string","description":"Account alias is an optional short unique name that helps identify the account within Kion.","description_kind":"plain","optional":true},"account_type_id":{"type":"number","description":"An ID representing the account type within Kion.","description_kind":"plain","optional":true,"computed":true},"created_at":{"type":"string","description_kind":"plain","computed":true},"id":{"type":"string","description_kind":"plain","optional":true,"computed":true},"labels":{"type":["map","string"],"description":"A map of labels to assign to the account. The labels must already exist in Kion.","description_kind":"plain","optional":true},"last_updated":{"type":"string","description_kind":"plain","optional":true,"computed":true},"location":{"type":"string","description":"Where the account is attached.  Either \"project\" or \"cache\".","description_kind":"plain","computed":true},"name":{"type":"string","description":"The name of the Azure account within Kion.","description_kind":"plain","required":true},"parent_management_group_id":{"type":"string","description":"The parent management group ID when creating an Azure subscription. If provided, the subscription will be created under the provided management group.  If not provided, the subscription will be created at the root level","description_kind":"plain","optional":true},"payer_id":{"type":"number","description":"The ID of the billing source containing billing data for this account.","description_kind":"plain","required":true},"project_id":{"type":"number","description":"The ID of the Kion project to place this account within.  If empty, the account will be placed within the account cache.","description_kind":"plain","optional":true},"skip_access_checking":{"type":"bool","description":"True to skip periodic access checking on the account.","description_kind":"plain","optional":true,"computed":true},"start_datecode":{"type":"string","description":"Date when the Azure account will starting submitting payments against a funding source (YYYY-MM).  Required if placing an account within a project.","description_kind":"plain","optional":true,"computed":true},"subscription_name":{"type":"string","description":"Name of the subscription as it appears in Azure.","description_kind":"plain","optional":true},"subscription_uuid":{"type":"string","description":"The UUID of the Azure subscription.  If subscription_uuid is provided, the existing subscription will be imported into Kion.  If subscription_uuid is omitted, a new subscription will be created.","description_kind":"plain","optional":true,"computed":true}},"block_types":{"csp":{"nesting_mode":"set","block":{"attributes":{"billing_cycle":{"type":"string","description":"Azure CSP billing cycle","description_kind":"plain","optional":true},"offer_id":{"type":"string","description":"Azure CSP offer id","description_kind":"plain","required":true}},"description":"Parameters used when creating a new Azure CSP subscription.","description_kind":"plain"},"max_items":1},"ea":{"nesting_mode":"set","block":{"attributes":{"account":{"type":"string","description":"Azure EA account number","description_kind":"plain","required":true},"billing_account":{"type":"string","description":"Azure billing account number","description_kind":"plain","required":true}},"description":"Parameters used when creating a new Azure EA subscription.","description_kind":"plain"},"max_items":1},"mca":{"nesting_mode":"set","block":{"attributes":{"billing_account":{"type":"string","description":"Azure MCA billing account number","description_kind":"plain","required":true},"billing_profile":{"type":"string","description":"Azure MCA billing profile number","description_kind":"plain","required":true},"billing_profile_invoice":{"type":"string","description":"Azure MCA billing profile invoice section number","description_kind":"plain","required":true}},"description":"Parameters used when creating a new Azure MCA subscription.","description_kind":"plain"},"max_items":1},"move_project_settings":{"nesting_mode":"set","block":{"attributes":{"financials":{"type":"string","description":"One of \"move\" or \"preserve\".  If \"move\", financial history will be moved to the new project beginning on the date specified by the move_datecode parameter.  If \"preserve\", financial history will be preserved on the current project.","description_kind":"plain","optional":true},"move_datecode":{"type":"number","description":"The start date to use when moving financial data in YYYYMM format.  This only applies when financials is set to move.  If provided, only financial data from this date to the current month will be moved to the new project.  If omitted or 0, all financial data will be moved to the new project.","description_kind":"plain","optional":true}},"description":"Parameters used when moving an account between Kion projects.  These settings are ignored unless moving an account.","description_kind":"plain"},"max_items":1}},"description":"Creates or imports an Azure Subscription and adds it to a Kion project or the Kion account cache.\n\nIf `subscription_uuid` is provided, an existing subscription will be imported into Kion, otherwise a new Azure subscription will be created.  If `project_id` is provided the account will be added to the corresponding project, otherwise the account will be added to the account cache.\n\nOnce added, an account can be moved between projects or in and out of the account cache by changing the `project_id`.  When moving accounts between projects, use `move_project_settings` to control how financials will be treated between the old and new project.\n\nWhen importing an existing Kion account into terraform state (different from using terraform to import an existing Azure subscription into Kion), you must use the `account_id=` or `account_cache_id=` ID prefix to indicate whether the ID is an account ID or a cached account ID.\n\nFor example:\n\n    terraform import kion_azure_account.test-account account_id=123\n    terraform import kion_azure_account.test-cached-account account_cache_id=321\n\n**NOTE:** This resource requires Kion v3.8.4 or greater.","description_kind":"plain"}},"kion_azure_arm_template":{"version":0,"block":{"attributes":{"ct_managed":{"type":"bool","description_kind":"plain","computed":true},"deployment_mode":{"type":"number","description_kind":"plain","required":true},"description":{"type":"string","description_kind":"plain","optional":true},"id":{"type":"string","description_kind":"plain","optional":true,"computed":true},"last_updated":{"type":"string","description_kind":"plain","optional":true,"computed":true},"name":{"type":"string","description_kind":"plain","required":true},"resource_group_name":{"type":"string","description_kind":"plain","required":true},"resource_group_region_id":{"type":"number","description_kind":"plain","required":true},"template":{"type":"string","description_kind":"plain","required":true},"template_parameters":{"type":"string","description_kind":"plain","optional":true,"computed":true},"version":{"type":"number","description_kind":"plain","computed":true}},"block_types":{"owner_user_groups":{"nesting_mode":"set","block":{"attributes":{"id":{"type":"number","description_kind":"plain","optional":true}},"description":"Must provide at least the owner_user_groups field or the owner_users field.","description_kind":"plain"}},"owner_users":{"nesting_mode":"set","block":{"attributes":{"id":{"type":"number","description_kind":"plain","optional":true}},"description":"Must provide at least the owner_user_groups field or the owner_users field.","description_kind":"plain"}}},"description_kind":"plain"}},"kion_azure_policy":{"version":0,"block":{"attributes":{"azure_managed_policy_def_id":{"type":"string","description_kind":"plain","computed":true},"ct_managed":{"type":"bool","description_kind":"plain","computed":true},"description":{"type":"string","description_kind":"plain","optional":true},"id":{"type":"string","description_kind":"plain","optional":true,"computed":true},"last_updated":{"type":"string","description_kind":"plain","optional":true,"computed":true},"name":{"type":"string","description_kind":"plain","required":true},"parameters":{"type":"string","description_kind":"plain","optional":true},"policy":{"type":"string","description_kind":"plain","required":true}},"block_types":{"owner_user_groups":{"nesting_mode":"set","block":{"attributes":{"id":{"type":"number","description_kind":"plain","optional":true}},"description":"Must provide at least the owner_user_groups field or the owner_users field.","description_kind":"plain"}},"owner_users":{"nesting_mode":"set","block":{"attributes":{"id":{"type":"number","description_kind":"plain","optional":true}},"description":"Must provide at least the owner_user_groups field or the owner_users field.","description_kind":"plain"}}},"description_kind":"plain"}},"kion_azure_role":{"version":0,"block":{"attributes":{"azure_managed_policy":{"type":"bool","description_kind":"plain","computed":true},"description":{"type":"string","description_kind":"plain","optional":true},"id":{"type":"string","description_kind":"plain","optional":true,"computed":true},"last_updated":{"type":"string","description_kind":"plain","optional":true,"computed":true},"name":{"type":"string","description_kind":"plain","required":true},"role_permissions":{"type":"string","description_kind":"plain","required":true},"system_managed_policy":{"type":"bool","description_kind":"plain","computed":true}},"block_types":{"owner_user_groups":{"nesting_mode":"set","block":{"attributes":{"id":{"type":"number","description_kind":"plain","optional":true}},"description":"Must provide at least the owner_user_groups field or the owner_users field.","description_kind":"plain"}},"owner_users":{"nesting_mode":"set","block":{"attributes":{"id":{"type":"number","description_kind":"plain","optional":true}},"description":"Must provide at least the owner_user_groups field or the owner_users field.","description_kind":"plain"}}},"description_kind":"plain"}},"kion_cloud_rule":{"version":0,"block":{"attributes":{"built_in":{"type":"bool","description_kind":"plain","computed":true},"description":{"type":"string","description_kind":"plain","optional":true},"id":{"type":"string","description_kind":"plain","optional":true,"computed":true},"labels":{"type":["map","string"],"description":"A map of labels to assign to the cloud rule. The labels must already exist in Kion.","description_kind":"plain","optional":true},"last_updated":{"type":"string","description_kind":"plain","optional":true,"computed":true},"name":{"type":"string","description_kind":"plain","required":true},"post_webhook_id":{"type":"number","description_kind":"plain","optional":true},"pre_webhook_id":{"type":"number","description_kind":"plain","optional":true}},"block_types":{"aws_cloudformation_templates":{"nesting_mode":"list","block":{"attributes":{"id":{"type":"number","description_kind":"plain","optional":true}},"description_kind":"plain"}},"aws_iam_policies":{"nesting_mode":"set","block":{"attributes":{"id":{"type":"number","description_kind":"plain","optional":true}},"description_kind":"plain"}},"azure_arm_template_definitions":{"nesting_mode":"list","block":{"attributes":{"id":{"type":"number","description_kind":"plain","optional":true}},"description_kind":"plain"}},"azure_policy_definitions":{"nesting_mode":"set","block":{"attributes":{"id":{"type":"number","description_kind":"plain","optional":true}},"description_kind":"plain"}},"azure_role_definitions":{"nesting_mode":"set","block":{"attributes":{"id":{"type":"number","description_kind":"plain","optional":true}},"description_kind":"plain"}},"compliance_standards":{"nesting_mode":"set","block":{"attributes":{"id":{"type":"number","description_kind":"plain","optional":true}},"description_kind":"plain"}},"gcp_iam_roles":{"nesting_mode":"set","block":{"attributes":{"id":{"type":"number","description_kind":"plain","optional":true}},"description_kind":"plain"}},"internal_aws_amis":{"nesting_mode":"set","block":{"attributes":{"id":{"type":"number","description_kind":"plain","optional":true}},"description_kind":"plain"}},"internal_aws_service_catalog_portfolios":{"nesting_mode":"set","block":{"attributes":{"id":{"type":"number","description_kind":"plain","optional":true}},"description_kind":"plain"}},"ous":{"nesting_mode":"set","block":{"attributes":{"id":{"type":"number","description_kind":"plain","optional":true}},"description_kind":"plain"}},"owner_user_groups":{"nesting_mode":"set","block":{"attributes":{"id":{"type":"number","description_kind":"plain","optional":true}},"description":"Must provide at least the owner_user_groups field or the owner_users field.","description_kind":"plain"}},"owner_users":{"nesting_mode":"set","block":{"attributes":{"id":{"type":"number","description_kind":"plain","optional":true}},"description":"Must provide at least the owner_user_groups field or the owner_users field.","description_kind":"plain"}},"projects":{"nesting_mode":"set","block":{"attributes":{"id":{"type":"number","description_kind":"plain","optional":true}},"description_kind":"plain"}},"service_control_policies":{"nesting_mode":"set","block":{"attributes":{"id":{"type":"number","description_kind":"plain","optional":true}},"description_kind":"plain"}}},"description_kind":"plain"}},"kion_compliance_check":{"version":0,"block":{"attributes":{"azure_policy_id":{"type":"number","description_kind":"plain","optional":true},"body":{"type":"string","description_kind":"plain","optional":true},"cloud_provider_id":{"type":"number","description_kind":"plain","required":true},"compliance_check_type_id":{"type":"number","description_kind":"plain","required":true},"created_at":{"type":"string","description_kind":"plain","computed":true},"created_by_user_id":{"type":"number","description_kind":"plain","optional":true},"ct_managed":{"type":"bool","description_kind":"plain","computed":true},"description":{"type":"string","description_kind":"plain","optional":true},"frequency_minutes":{"type":"number","description_kind":"plain","optional":true},"frequency_type_id":{"type":"number","description_kind":"plain","optional":true},"id":{"type":"string","description_kind":"plain","optional":true,"computed":true},"is_all_regions":{"type":"bool","description_kind":"plain","optional":true},"is_auto_archived":{"type":"bool","description_kind":"plain","optional":true},"last_scan_id":{"type":"number","description_kind":"plain","computed":true},"last_updated":{"type":"string","description_kind":"plain","optional":true,"computed":true},"name":{"type":"string","description_kind":"plain","required":true},"regions":{"type":["set","string"],"description_kind":"plain","optional":true},"severity_type_id":{"type":"number","description_kind":"plain","optional":true}},"block_types":{"owner_user_groups":{"nesting_mode":"set","block":{"attributes":{"id":{"type":"number","description_kind":"plain","optional":true}},"description":"Must provide at least the owner_user_groups field or the owner_users field.","description_kind":"plain"}},"owner_users":{"nesting_mode":"set","block":{"attributes":{"id":{"type":"number","description_kind":"plain","optional":true}},"description":"Must provide at least the owner_user_groups field or the owner_users field.","description_kind":"plain"}}},"description_kind":"plain"}},"kion_compliance_standard":{"version":0,"block":{"attributes":{"created_at":{"type":"string","description_kind":"plain","computed":true},"created_by_user_id":{"type":"number","description_kind":"plain","required":true},"ct_managed":{"type":"bool","description_kind":"plain","computed":true},"description":{"type":"string","description_kind":"plain","optional":true},"id":{"type":"string","description_kind":"plain","optional":true,"computed":true},"last_updated":{"type":"string","description_kind":"plain","optional":true,"computed":true},"name":{"type":"string","description_kind":"plain","required":true}},"block_types":{"compliance_checks":{"nesting_mode":"set","block":{"attributes":{"id":{"type":"number","description_kind":"plain","optional":true}},"description_kind":"plain"}},"owner_user_groups":{"nesting_mode":"set","block":{"attributes":{"id":{"type":"number","description_kind":"plain","optional":true}},"description":"Must provide at least the owner_user_groups field or the owner_users field.","description_kind":"plain"}},"owner_users":{"nesting_mode":"set","block":{"attributes":{"id":{"type":"number","description_kind":"plain","optional":true}},"description":"Must provide at least the owner_user_groups field or the owner_users field.","description_kind":"plain"}}},"description_kind":"plain"}},"kion_funding_source":{"version":0,"block":{"attributes":{"amount":{"type":"number","description_kind":"plain","required":true},"description":{"type":"string","description_kind":"plain","optional":true},"end_datecode":{"type":"string","description_kind":"plain","required":true},"id":{"type":"string","description_kind":"plain","optional":true,"computed":true},"labels":{"type":["map","string"],"description":"A map of labels to assign to the funding source. The labels must already exist in Kion.","description_kind":"plain","optional":true},"last_updated":{"type":"string","description_kind":"plain","optional":true,"computed":true},"name":{"type":"string","description_kind":"plain","required":true},"ou_id":{"type":"number","description_kind":"plain","required":true},"permission_scheme_id":{"type":"number","description_kind":"plain","required":true},"start_datecode":{"type":"string","description_kind":"plain","required":true}},"block_types":{"owner_user_groups":{"nesting_mode":"set","block":{"attributes":{"id":{"type":"number","description_kind":"plain","optional":true}},"description":"Must provide at least the owner_user_groups field or the owner_users field.","description_kind":"plain"}},"owner_users":{"nesting_mode":"set","block":{"attributes":{"id":{"type":"number","description_kind":"plain","optional":true}},"description":"Must provide at least the owner_user_groups field or the owner_users field.","description_kind":"plain"}}},"description_kind":"plain"}},"kion_funding_source_permission_mapping":{"version":0,"block":{"attributes":{"app_role_id":{"type":"number","description":"Application role ID for the permission mapping.","description_kind":"plain","required":true},"funding_source_id":{"type":"number","description":"ID of the Funding Source to manage permission mappings for.","description_kind":"plain","required":true},"id":{"type":"string","description_kind":"plain","optional":true,"computed":true},"user_groups_ids":{"type":["set","number"],"description":"Set of user group IDs for the permission mapping (must be provided in numerical order).","description_kind":"plain","required":true},"user_ids":{"type":["set","number"],"description":"Set of user IDs for the permission mapping (must be provided in numerical order).","description_kind":"plain","required":true}},"description_kind":"plain"}},"kion_gcp_account":{"version":0,"block":{"attributes":{"account_alias":{"type":"string","description":"Account alias is an optional short unique name that helps identify the account within Kion.","description_kind":"plain","optional":true},"account_type_id":{"type":"number","description":"An ID representing the account type within Kion.","description_kind":"plain","optional":true,"computed":true},"create_mode":{"type":"string","description":"One of \"create\" or \"import\".  If \"create\", Kion will attempt to create a new Google Cloud Project.  If \"import\", Kion will import the existing Google Cloud Project as specified by google_cloud_project_id.","description_kind":"plain","required":true},"created_at":{"type":"string","description_kind":"plain","computed":true},"google_cloud_parent_name":{"type":"string","description":"The GCP resource identifier of the parent of this GCP Project.","description_kind":"plain","optional":true},"google_cloud_project_id":{"type":"string","description":"The Google Cloud project ID.","description_kind":"plain","optional":true,"computed":true},"id":{"type":"string","description_kind":"plain","optional":true,"computed":true},"labels":{"type":["map","string"],"description":"A map of labels to assign to the account. The labels must already exist in Kion.","description_kind":"plain","optional":true},"last_updated":{"type":"string","description_kind":"plain","optional":true,"computed":true},"location":{"type":"string","description":"Where the account is attached.  Either \"project\" or \"cache\".","description_kind":"plain","computed":true},"name":{"type":"string","description":"The name of the Google Cloud account within Kion.","description_kind":"plain","required":true},"payer_id":{"type":"number","description":"The ID of the billing source containing billing data for this account.","description_kind":"plain","required":true},"project_id":{"type":"number","description":"The ID of the Kion project to place this account within.  If empty, the account will be placed within the account cache.","description_kind":"plain","optional":true},"skip_access_checking":{"type":"bool","description":"True to skip periodic access checking on the account.","description_kind":"plain","optional":true,"computed":true},"start_datecode":{"type":"string","description":"Date when the Google Cloud account will starting submitting payments against a funding source (YYYY-MM).  Required if placing an account within a project.","description_kind":"plain","optional":true,"computed":true}},"block_types":{"move_project_settings":{"nesting_mode":"set","block":{"attributes":{"financials":{"type":"string","description":"One of \"move\" or \"preserve\".  If \"move\", financial history will be moved to the new project beginning on the date specified by the move_datecode parameter.  If \"preserve\", financial history will be preserved on the current project.","description_kind":"plain","optional":true},"move_datecode":{"type":"number","description":"The start date to use when moving financial data in YYYYMM format.  This only applies when financials is set to move.  If provided, only financial data from this date to the current month will be moved to the new project.  If omitted or 0, all financial data will be moved to the new project.","description_kind":"plain","optional":true}},"description":"Parameters used when moving an account between Kion projects.  These settings are ignored unless moving an account.","description_kind":"plain"},"max_items":1}},"description":"Creates or imports a Google Cloud Project and adds it to a Kion project or the Kion account cache.\n\nIf `create_mode` is set to import, an existing project will be imported into Kion, otherwise if `create_mode` is set to create, a new GCP Project will be created.  If `project_id` is provided the account will be added to the corresponding project, otherwise the account will be added to the account cache.\n\nOnce added, an account can be moved between projects or in and out of the account cache by changing the `project_id`.  When moving accounts between projects, use `move_project_settings` to control how financials will be treated between the old and new project.\n\nWhen importing an existing Kion account into terraform state (different from using terraform to import an existing GCP Project into Kion), you must use the `account_id=` or `account_cache_id=` ID prefix to indicate whether the ID is an account ID or a cached account ID.\n\nFor example:\n\n    terraform import kion_gcp_account.test-account account_id=123\n    terraform import kion_gcp_account.test-cached-account account_cache_id=321\n\n**NOTE:** This resource requires Kion v3.8.4 or greater.","description_kind":"plain"}},"kion_gcp_iam_role":{"version":0,"block":{"attributes":{"description":{"type":"string","description_kind":"plain","optional":true},"gcp_id":{"type":"string","description_kind":"plain","computed":true},"gcp_managed_policy":{"type":"bool","description_kind":"plain","computed":true},"gcp_role_launch_stage":{"type":"number","description_kind":"plain","required":true},"id":{"type":"string","description_kind":"plain","optional":true,"computed":true},"last_updated":{"type":"string","description_kind":"plain","optional":true,"computed":true},"name":{"type":"string","description_kind":"plain","required":true},"role_permissions":{"type":["set","string"],"description_kind":"plain","required":true},"system_managed_policy":{"type":"bool","description_kind":"plain","optional":true}},"block_types":{"owner_user_groups":{"nesting_mode":"set","block":{"attributes":{"id":{"type":"number","description_kind":"plain","optional":true}},"description":"Must provide at least the owner_user_groups field or the owner_users field.","description_kind":"plain"}},"owner_users":{"nesting_mode":"set","block":{"attributes":{"id":{"type":"number","description_kind":"plain","optional":true}},"description":"Must provide at least the owner_user_groups field or the owner_users field.","description_kind":"plain"}}},"description_kind":"plain"}},"kion_global_permission_mapping":{"version":0,"block":{"attributes":{"app_role_id":{"type":"number","description":"Application role ID for the permission mapping.","description_kind":"plain","required":true},"id":{"type":"string","description_kind":"plain","optional":true,"computed":true},"user_groups_ids":{"type":["set","number"],"description":"Set of user group IDs for the permission mapping.","description_kind":"plain","required":true},"user_ids":{"type":["set","number"],"description":"Set of user IDs for the permission mapping.","description_kind":"plain","required":true}},"description_kind":"plain"}},"kion_label":{"version":0,"block":{"attributes":{"color":{"type":"string","description":"The color of the label in hex format, (#123abc)","description_kind":"plain","required":true},"id":{"type":"string","description_kind":"plain","optional":true,"computed":true},"key":{"type":"string","description_kind":"plain","required":true},"value":{"type":"string","description_kind":"plain","required":true}},"description_kind":"plain"}},"kion_ou":{"version":0,"block":{"attributes":{"created_at":{"type":"string","description_kind":"plain","computed":true},"description":{"type":"string","description_kind":"plain","optional":true},"id":{"type":"string","description_kind":"plain","optional":true,"computed":true},"labels":{"type":["map","string"],"description":"A map of labels to assign to the OU. The labels must already exist in Kion.","description_kind":"plain","optional":true},"last_updated":{"type":"string","description_kind":"plain","optional":true,"computed":true},"name":{"type":"string","description_kind":"plain","required":true},"parent_ou_id":{"type":"number","description_kind":"plain","required":true},"permission_scheme_id":{"type":"number","description_kind":"plain","required":true}},"block_types":{"owner_user_groups":{"nesting_mode":"set","block":{"attributes":{"id":{"type":"number","description_kind":"plain","optional":true}},"description":"Must provide at least the owner_user_groups field or the owner_users field.","description_kind":"plain"}},"owner_users":{"nesting_mode":"set","block":{"attributes":{"id":{"type":"number","description_kind":"plain","optional":true}},"description":"Must provide at least the owner_user_groups field or the owner_users field.","description_kind":"plain"}}},"description_kind":"plain"}},"kion_ou_cloud_access_role":{"version":0,"block":{"attributes":{"aws_iam_path":{"type":"string","description_kind":"plain","optional":true},"aws_iam_permissions_boundary":{"type":"number","description_kind":"plain","optional":true},"aws_iam_role_name":{"type":"string","description_kind":"plain","required":true},"id":{"type":"string","description_kind":"plain","optional":true,"computed":true},"last_updated":{"type":"string","description_kind":"plain","optional":true,"computed":true},"long_term_access_keys":{"type":"bool","description_kind":"plain","optional":true},"name":{"type":"string","description_kind":"plain","required":true},"ou_id":{"type":"number","description_kind":"plain","required":true},"short_term_access_keys":{"type":"bool","description_kind":"plain","optional":true},"web_access":{"type":"bool","description_kind":"plain","optional":true}},"block_types":{"aws_iam_policies":{"nesting_mode":"set","block":{"attributes":{"id":{"type":"number","description_kind":"plain","optional":true}},"description_kind":"plain"}},"azure_role_definitions":{"nesting_mode":"set","block":{"attributes":{"id":{"type":"number","description_kind":"plain","optional":true}},"description_kind":"plain"}},"gcp_iam_roles":{"nesting_mode":"set","block":{"attributes":{"id":{"type":"number","description_kind":"plain","optional":true}},"description_kind":"plain"}},"user_groups":{"nesting_mode":"set","block":{"attributes":{"id":{"type":"number","description_kind":"plain","optional":true}},"description_kind":"plain"}},"users":{"nesting_mode":"set","block":{"attributes":{"id":{"type":"number","description_kind":"plain","optional":true}},"description_kind":"plain"}}},"description_kind":"plain"}},"kion_ou_permission_mapping":{"version":0,"block":{"attributes":{"app_role_id":{"type":"number","description":"Application role ID for the permission mapping.","description_kind":"plain","required":true},"id":{"type":"string","description_kind":"plain","optional":true,"computed":true},"ou_id":{"type":"number","description":"ID of the OU to manage permission mappings for.","description_kind":"plain","required":true},"user_groups_ids":{"type":["set","number"],"description":"Set of user group IDs for the permission mapping (must be provided in numerical order).","description_kind":"plain","required":true},"user_ids":{"type":["set","number"],"description":"Set of user IDs for the permission mapping (must be provided in numerical order).","description_kind":"plain","required":true}},"description_kind":"plain"}},"kion_project":{"version":0,"block":{"attributes":{"archived":{"type":"bool","description_kind":"plain","computed":true},"auto_pay":{"type":"bool","description_kind":"plain","optional":true},"default_aws_region":{"type":"string","description_kind":"plain","optional":true},"description":{"type":"string","description_kind":"plain","optional":true},"id":{"type":"string","description_kind":"plain","optional":true,"computed":true},"labels":{"type":["map","string"],"description":"A map of labels to assign to the project. The labels must already exist in Kion.","description_kind":"plain","optional":true},"last_updated":{"type":"string","description_kind":"plain","optional":true,"computed":true},"name":{"type":"string","description_kind":"plain","required":true},"ou_id":{"type":"number","description_kind":"plain","required":true},"permission_scheme_id":{"type":"number","description_kind":"plain","required":true}},"block_types":{"budget":{"nesting_mode":"set","block":{"attributes":{"amount":{"type":"number","description":"Total amount for the budget. This is required if data is not specified. Budget entries are created between start_datecode and end_datecode (exclusive) with the amount evenly distributed across the months.","description_kind":"plain","optional":true},"end_datecode":{"type":"string","description":"Year and month the budget ends. This is an exclusive date.","description_kind":"plain","required":true},"funding_source_ids":{"type":["set","number"],"description":"Funding source IDs to use when data is not specified. This value is ignored is data is specified. If specified, the amount is distributed evenly across months and funding sources. Funding sources will be processed in order from first to last.","description_kind":"plain","optional":true},"start_datecode":{"type":"string","description":"Year and month the budget starts.","description_kind":"plain","required":true}},"block_types":{"data":{"nesting_mode":"set","block":{"attributes":{"amount":{"type":"number","description":"Amount of the budget entry in dollars.","description_kind":"plain","required":true},"datecode":{"type":"string","description":"Year and month for the budget data entry (i.e 2023-01).","description_kind":"plain","required":true},"funding_source_id":{"type":"number","description":"ID of funding source for the budget entry.","description_kind":"plain","optional":true},"priority":{"type":"number","description":"Priority order of the budget entry. This is required if funding_source_id is specified","description_kind":"plain","optional":true}},"description":"Total amount for the budget. This is required if data is not specified. Budget entries are created between start_datecode and end_datecode (exclusive) with the amount evenly distributed across the months.","description_kind":"plain"}}},"description_kind":"plain"}},"owner_user_group_ids":{"nesting_mode":"set","block":{"attributes":{"id":{"type":"number","description_kind":"plain","optional":true}},"description":"Must provide at least the owner_user_groups field or the owner_users field.","description_kind":"plain"}},"owner_user_ids":{"nesting_mode":"set","block":{"attributes":{"id":{"type":"number","description_kind":"plain","optional":true}},"description":"Must provide at least the owner_user_groups field or the owner_users field.","description_kind":"plain"}},"project_funding":{"nesting_mode":"set","block":{"attributes":{"amount":{"type":"number","description_kind":"plain","optional":true},"end_datecode":{"type":"string","description_kind":"plain","optional":true},"funding_order":{"type":"number","description_kind":"plain","optional":true},"funding_source_id":{"type":"number","description_kind":"plain","optional":true},"start_datecode":{"type":"string","description_kind":"plain","optional":true}},"description_kind":"plain"}}},"description_kind":"plain"}},"kion_project_cloud_access_role":{"version":0,"block":{"attributes":{"apply_to_all_accounts":{"type":"bool","description_kind":"plain","optional":true},"aws_iam_path":{"type":"string","description_kind":"plain","optional":true},"aws_iam_permissions_boundary":{"type":"number","description_kind":"plain","optional":true},"aws_iam_role_name":{"type":"string","description_kind":"plain","required":true},"future_accounts":{"type":"bool","description_kind":"plain","optional":true},"id":{"type":"string","description_kind":"plain","optional":true,"computed":true},"last_updated":{"type":"string","description_kind":"plain","optional":true,"computed":true},"long_term_access_keys":{"type":"bool","description_kind":"plain","optional":true},"name":{"type":"string","description_kind":"plain","required":true},"project_id":{"type":"number","description_kind":"plain","required":true},"short_term_access_keys":{"type":"bool","description_kind":"plain","optional":true},"web_access":{"type":"bool","description_kind":"plain","optional":true}},"block_types":{"accounts":{"nesting_mode":"set","block":{"attributes":{"id":{"type":"number","description_kind":"plain","optional":true}},"description":"This field will be ignored if 'apply_to_all_accounts' is set to: true.","description_kind":"plain"}},"aws_iam_policies":{"nesting_mode":"set","block":{"attributes":{"id":{"type":"number","description_kind":"plain","optional":true}},"description_kind":"plain"}},"azure_role_definitions":{"nesting_mode":"set","block":{"attributes":{"id":{"type":"number","description_kind":"plain","optional":true}},"description_kind":"plain"}},"gcp_iam_roles":{"nesting_mode":"set","block":{"attributes":{"id":{"type":"number","description_kind":"plain","optional":true}},"description_kind":"plain"}},"user_groups":{"nesting_mode":"set","block":{"attributes":{"id":{"type":"number","description_kind":"plain","optional":true}},"description_kind":"plain"}},"users":{"nesting_mode":"set","block":{"attributes":{"id":{"type":"number","description_kind":"plain","optional":true}},"description_kind":"plain"}}},"description_kind":"plain"}},"kion_project_enforcement":{"version":0,"block":{"attributes":{"amount_type":{"type":"string","description":"Type of the amount. Valid values are 'custom', 'last_month'.","description_kind":"plain","optional":true},"cloud_rule_id":{"type":"number","description":"Defines a Cloud Rule ID associated with the enforcement.","description_kind":"plain","optional":true},"description":{"type":"string","description":"Optional, user-provided description of the enforcement.","description_kind":"plain","optional":true},"enabled":{"type":"bool","description":"Flag that specifies if the enforcement is enabled.","description_kind":"plain","optional":true},"id":{"type":"string","description_kind":"plain","optional":true,"computed":true},"notification_frequency":{"type":"string","description":"Frequency at which notifications are sent for this enforcement.","description_kind":"plain","optional":true},"overburn":{"type":"bool","description":"Flag that specifies if enforcement will place project in an overburn state when triggered.","description_kind":"plain","optional":true},"project_id":{"type":"number","description":"ID of the project under enforcement.","description_kind":"plain","required":true},"service_id":{"type":"number","description":"ID of the service related to the enforcement.","description_kind":"plain","optional":true},"spend_option":{"type":"string","description":"Type of spend option. Valid values are 'spend', 'remaining'.","description_kind":"plain","optional":true},"threshold":{"type":"number","description":"Threshold value. Either a dollar amount or a percentage, depending on the threshold type.","description_kind":"plain","required":true},"threshold_type":{"type":"string","description":"Type of the threshold value. Valid values are 'dollar', 'percent'.","description_kind":"plain","optional":true},"timeframe":{"type":"string","description":"Timeframe of the enforcement. Valid values are 'lifetime', 'month', 'year', 'funding_source'.","description_kind":"plain","required":true},"triggered":{"type":"bool","description":"Flag that specifies if the enforcement is currently triggered.","description_kind":"plain","computed":true},"user_group_ids":{"type":["list","number"],"description":"List of user group IDs that will receive notifications from the enforcement.","description_kind":"plain","optional":true},"user_ids":{"type":["list","number"],"description":"List of user IDs that will receive notifications from the enforcement.","description_kind":"plain","optional":true}},"description":"Manages enforcement rules for projects to control service usage based on various criteria likespend limits and timeframe restrictions. .\n\nThis resource allows for creating, reading, updating, and deleting project-specific enforcement settings.","description_kind":"plain"}},"kion_project_permission_mapping":{"version":0,"block":{"attributes":{"app_role_id":{"type":"number","description":"Application role ID for the permission mapping.","description_kind":"plain","required":true},"id":{"type":"string","description_kind":"plain","optional":true,"computed":true},"project_id":{"type":"number","description":"ID of the project to manage permission mappings for.","description_kind":"plain","required":true},"user_groups_ids":{"type":["set","number"],"description":"Set of user group IDs for the permission mapping (must be provided in numerical order).","description_kind":"plain","required":true},"user_ids":{"type":["set","number"],"description":"Set of user IDs for the permission mapping (must be provided in numerical order).","description_kind":"plain","required":true}},"description_kind":"plain"}},"kion_saml_group_association":{"version":0,"block":{"attributes":{"assertion_name":{"type":"string","description_kind":"plain","optional":true},"assertion_regex":{"type":"string","description_kind":"plain","optional":true},"id":{"type":"string","description_kind":"plain","optional":true,"computed":true},"idms_id":{"type":"number","description_kind":"plain","optional":true},"idms_saml_id":{"type":"number","description_kind":"plain","computed":true},"last_updated":{"type":"string","description_kind":"plain","optional":true,"computed":true},"should_update_on_login":{"type":"bool","description_kind":"plain","computed":true},"update_on_login":{"type":"bool","description_kind":"plain","optional":true},"user_group_id":{"type":"number","description_kind":"plain","optional":true}},"description_kind":"plain"}},"kion_service_control_policy":{"version":0,"block":{"attributes":{"aws_managed_policy":{"type":"bool","description_kind":"plain","computed":true},"created_by_user_id":{"type":"number","description_kind":"plain","computed":true},"description":{"type":"string","description_kind":"plain","optional":true},"id":{"type":"string","description_kind":"plain","optional":true,"computed":true},"last_updated":{"type":"string","description_kind":"plain","optional":true,"computed":true},"name":{"type":"string","description_kind":"plain","required":true},"policy":{"type":"string","description_kind":"plain","required":true},"system_managed_policy":{"type":"bool","description_kind":"plain","computed":true}},"block_types":{"owner_user_groups":{"nesting_mode":"set","block":{"attributes":{"id":{"type":"number","description_kind":"plain","optional":true}},"description":"Must provide at least the owner_user_groups field or the owner_users field.","description_kind":"plain"}},"owner_users":{"nesting_mode":"set","block":{"attributes":{"id":{"type":"number","description_kind":"plain","optional":true}},"description":"Must provide at least the owner_user_groups field or the owner_users field.","description_kind":"plain"}}},"description_kind":"plain"}},"kion_user":{"version":0,"block":{"attributes":{"id":{"type":"string","description_kind":"plain","computed":true}},"description_kind":"plain"}},"kion_user_group":{"version":0,"block":{"attributes":{"created_at":{"type":"string","description_kind":"plain","computed":true},"description":{"type":"string","description_kind":"plain","optional":true},"enabled":{"type":"bool","description_kind":"plain","computed":true},"id":{"type":"string","description_kind":"plain","optional":true,"computed":true},"idms_id":{"type":"number","description_kind":"plain","required":true},"last_updated":{"type":"string","description_kind":"plain","optional":true,"computed":true},"name":{"type":"string","description_kind":"plain","required":true}},"block_types":{"owner_groups":{"nesting_mode":"set","block":{"attributes":{"id":{"type":"number","description_kind":"plain","optional":true}},"description":"Must provide at least the owner_user_groups field or the owner_users field.","description_kind":"plain"}},"owner_users":{"nesting_mode":"set","block":{"attributes":{"id":{"type":"number","description_kind":"plain","optional":true}},"description":"Must provide at least the owner_user_groups field or the owner_users field.","description_kind":"plain"}},"users":{"nesting_mode":"set","block":{"attributes":{"id":{"type":"number","description_kind":"plain","optional":true}},"description_kind":"plain"}}},"description_kind":"plain"}},"kion_webhook":{"version":0,"block":{"attributes":{"callout_url":{"type":"string","description":"The URL to which the webhook will send requests.","description_kind":"plain","required":true},"description":{"type":"string","description":"Description of the webhook.","description_kind":"plain","optional":true},"id":{"type":"string","description_kind":"plain","optional":true,"computed":true},"name":{"type":"string","description":"The name of the webhook.","description_kind":"plain","required":true},"owner_user_group_ids":{"type":["set","number"],"description":"Set of user group IDs that own the webhook.","description_kind":"plain","optional":true},"owner_user_ids":{"type":["set","number"],"description":"Set of user IDs that own the webhook.","description_kind":"plain","optional":true},"request_body":{"type":"string","description":"The request body to be sent with the webhook.","description_kind":"plain","optional":true},"request_headers":{"type":"string","description":"HTTP headers to use when the webhook is triggered","description_kind":"plain","optional":true},"request_method":{"type":"string","description":"HTTP method to be used for the webhook (GET, POST, etc.).","description_kind":"plain","required":true},"should_send_secure_info":{"type":"bool","description":"Whether the webhook should send secure information.","description_kind":"plain","optional":true},"skip_ssl":{"type":"bool","description":"Whether to skip SSL verification.","description_kind":"plain","optional":true},"timeout_in_seconds":{"type":"number","description":"The number of seconds the application will wait before considering the webhook 'timed out'","description_kind":"plain","required":true},"use_request_headers":{"type":"bool","description":"Whether to use request headers in the webhook request.","description_kind":"plain","optional":true}},"description_kind":"plain"}}},"data_source_schemas":{"kion_account":{"version":0,"block":{"attributes":{"id":{"type":"string","description_kind":"plain","optional":true,"computed":true},"list":{"type":["list",["object",{"account_alias":"string","account_number":"string","account_type_id":"number","car_external_id":"string","created_at":"string","email":"string","id":"number","include_linked_account_spend":"bool","linked_account_number":"string","linked_role":"string","name":"string","payer_id":"number","project_id":"number","service_external_id":"string","skip_access_checking":"bool","start_datecode":"string","use_org_account_info":"bool"}]],"description":"This is where Kion makes the discovered data available as a list of resources.","description_kind":"plain","computed":true}},"block_types":{"filter":{"nesting_mode":"list","block":{"attributes":{"name":{"type":"string","description":"The field name whose values you wish to filter by.","description_kind":"plain","required":true},"regex":{"type":"bool","description":"Dictates if the values provided should be treated as regular expressions.","description_kind":"plain","optional":true},"values":{"type":["list","string"],"description":"The values of the field name you specified.","description_kind":"plain","required":true}},"description_kind":"plain"}}},"description_kind":"plain"}},"kion_aws_cloudformation_template":{"version":0,"block":{"attributes":{"id":{"type":"string","description_kind":"plain","optional":true,"computed":true},"list":{"type":["list",["object",{"description":"string","id":"number","name":"string","owner_user_groups":["list",["object",{"id":"number"}]],"owner_users":["list",["object",{"id":"number"}]],"policy":"string","region":"string","regions":["list","string"],"sns_arns":"string","tags":["map","string"],"template_parameters":"string","termination_protection":"bool"}]],"description":"This is where Kion makes the discovered data available as a list of resources.","description_kind":"plain","computed":true}},"block_types":{"filter":{"nesting_mode":"list","block":{"attributes":{"name":{"type":"string","description":"The field name whose values you wish to filter by.","description_kind":"plain","required":true},"regex":{"type":"bool","description":"Dictates if the values provided should be treated as regular expressions.","description_kind":"plain","optional":true},"values":{"type":["list","string"],"description":"The values of the field name you specified.","description_kind":"plain","required":true}},"description_kind":"plain"}}},"description_kind":"plain"}},"kion_aws_iam_policy":{"version":0,"block":{"attributes":{"id":{"type":"string","description_kind":"plain","optional":true,"computed":true},"list":{"type":["list",["object",{"aws_iam_path":"string","aws_managed_policy":"bool","description":"string","id":"number","name":"string","owner_user_groups":["list",["object",{"id":"number"}]],"owner_users":["list",["object",{"id":"number"}]],"path_suffix":"string","policy":"string","system_managed_policy":"bool"}]],"description":"This is where Kion makes the discovered data available as a list of resources.","description_kind":"plain","computed":true}},"block_types":{"filter":{"nesting_mode":"list","block":{"attributes":{"name":{"type":"string","description":"The field name whose values you wish to filter by.","description_kind":"plain","required":true},"regex":{"type":"bool","description":"Dictates if the values provided should be treated as regular expressions.","description_kind":"plain","optional":true},"values":{"type":["list","string"],"description":"The values of the field name you specified.","description_kind":"plain","required":true}},"description_kind":"plain"}}},"description_kind":"plain"}},"kion_azure_arm_template":{"version":0,"block":{"attributes":{"id":{"type":"string","description_kind":"plain","optional":true,"computed":true},"list":{"type":["list",["object",{"ct_managed":"bool","deployment_mode":"number","description":"string","id":"number","name":"string","owner_user_groups":["list",["object",{"id":"number"}]],"owner_users":["list",["object",{"id":"number"}]],"resource_group_name":"string","resource_group_region_id":"number","template":"string","template_parameters":"string","version":"number"}]],"description":"This is where Kion makes the discovered data available as a list of resources.","description_kind":"plain","computed":true}},"block_types":{"filter":{"nesting_mode":"list","block":{"attributes":{"name":{"type":"string","description":"The field name whose values you wish to filter by.","description_kind":"plain","required":true},"regex":{"type":"bool","description":"Dictates if the values provided should be treated as regular expressions.","description_kind":"plain","optional":true},"values":{"type":["list","string"],"description":"The values of the field name you specified.","description_kind":"plain","required":true}},"description_kind":"plain"}}},"description_kind":"plain"}},"kion_azure_policy":{"version":0,"block":{"attributes":{"id":{"type":"string","description_kind":"plain","optional":true,"computed":true},"list":{"type":["list",["object",{"azure_managed_policy_def_id":"string","ct_managed":"bool","description":"string","id":"number","name":"string","owner_user_groups":["list",["object",{"id":"number"}]],"owner_users":["list",["object",{"id":"number"}]],"parameters":"string","policy":"string"}]],"description":"This is where Kion makes the discovered data available as a list of resources.","description_kind":"plain","computed":true}},"block_types":{"filter":{"nesting_mode":"list","block":{"attributes":{"name":{"type":"string","description":"The field name whose values you wish to filter by.","description_kind":"plain","required":true},"regex":{"type":"bool","description":"Dictates if the values provided should be treated as regular expressions.","description_kind":"plain","optional":true},"values":{"type":["list","string"],"description":"The values of the field name you specified.","description_kind":"plain","required":true}},"description_kind":"plain"}}},"description_kind":"plain"}},"kion_azure_role":{"version":0,"block":{"attributes":{"id":{"type":"string","description_kind":"plain","optional":true,"computed":true},"list":{"type":["list",["object",{"azure_managed_policy":"bool","description":"string","id":"number","name":"string","owner_user_groups":["list",["object",{"id":"number"}]],"owner_users":["list",["object",{"id":"number"}]],"role_permissions":"string","system_managed_policy":"bool"}]],"description":"This is where Kion makes the discovered data available as a list of resources.","description_kind":"plain","computed":true}},"block_types":{"filter":{"nesting_mode":"list","block":{"attributes":{"name":{"type":"string","description":"The field name whose values you wish to filter by.","description_kind":"plain","required":true},"regex":{"type":"bool","description":"Dictates if the values provided should be treated as regular expressions.","description_kind":"plain","optional":true},"values":{"type":["list","string"],"description":"The values of the field name you specified.","description_kind":"plain","required":true}},"description_kind":"plain"}}},"description_kind":"plain"}},"kion_cached_account":{"version":0,"block":{"attributes":{"id":{"type":"string","description_kind":"plain","optional":true,"computed":true},"list":{"type":["list",["object",{"account_alias":"string","account_number":"string","account_type_id":"number","car_external_id":"string","created_at":"string","email":"string","id":"number","include_linked_account_spend":"bool","linked_account_number":"string","linked_role":"string","name":"string","payer_id":"number","project_id":"number","service_external_id":"string","skip_access_checking":"bool","start_datecode":"string","use_org_account_info":"bool"}]],"description":"This is where Kion makes the discovered data available as a list of resources.","description_kind":"plain","computed":true}},"block_types":{"filter":{"nesting_mode":"list","block":{"attributes":{"name":{"type":"string","description":"The field name whose values you wish to filter by.","description_kind":"plain","required":true},"regex":{"type":"bool","description":"Dictates if the values provided should be treated as regular expressions.","description_kind":"plain","optional":true},"values":{"type":["list","string"],"description":"The values of the field name you specified.","description_kind":"plain","required":true}},"description_kind":"plain"}}},"description_kind":"plain"}},"kion_cloud_rule":{"version":0,"block":{"attributes":{"id":{"type":"string","description_kind":"plain","optional":true,"computed":true},"list":{"type":["list",["object",{"built_in":"bool","description":"string","id":"number","name":"string","post_webhook_id":"number","pre_webhook_id":"number"}]],"description":"This is where Kion makes the discovered data available as a list of resources.","description_kind":"plain","computed":true}},"block_types":{"filter":{"nesting_mode":"list","block":{"attributes":{"name":{"type":"string","description":"The field name whose values you wish to filter by.","description_kind":"plain","required":true},"regex":{"type":"bool","description":"Dictates if the values provided should be treated as regular expressions.","description_kind":"plain","optional":true},"values":{"type":["list","string"],"description":"The values of the field name you specified.","description_kind":"plain","required":true}},"description_kind":"plain"}}},"description_kind":"plain"}},"kion_compliance_check":{"version":0,"block":{"attributes":{"id":{"type":"string","description_kind":"plain","optional":true,"computed":true},"list":{"type":["list",["object",{"azure_policy_id":"number","body":"string","cloud_provider_id":"number","compliance_check_type_id":"number","created_at":"string","created_by_user_id":"number","ct_managed":"bool","description":"string","frequency_minutes":"number","frequency_type_id":"number","id":"number","is_all_regions":"bool","is_auto_archived":"bool","last_scan_id":"number","name":"string","regions":["list","string"],"severity_type_id":"number"}]],"description":"This is where Kion makes the discovered data available as a list of resources.","description_kind":"plain","computed":true}},"block_types":{"filter":{"nesting_mode":"list","block":{"attributes":{"name":{"type":"string","description":"The field name whose values you wish to filter by.","description_kind":"plain","required":true},"regex":{"type":"bool","description":"Dictates if the values provided should be treated as regular expressions.","description_kind":"plain","optional":true},"values":{"type":["list","string"],"description":"The values of the field name you specified.","description_kind":"plain","required":true}},"description_kind":"plain"}}},"description_kind":"plain"}},"kion_compliance_standard":{"version":0,"block":{"attributes":{"id":{"type":"string","description_kind":"plain","optional":true,"computed":true},"list":{"type":["list",["object",{"created_at":"string","created_by_user_id":"number","ct_managed":"bool","description":"string","id":"number","name":"string"}]],"description":"This is where Kion makes the discovered data available as a list of resources.","description_kind":"plain","computed":true}},"block_types":{"filter":{"nesting_mode":"list","block":{"attributes":{"name":{"type":"string","description":"The field name whose values you wish to filter by.","description_kind":"plain","required":true},"regex":{"type":"bool","description":"Dictates if the values provided should be treated as regular expressions.","description_kind":"plain","optional":true},"values":{"type":["list","string"],"description":"The values of the field name you specified.","description_kind":"plain","required":true}},"description_kind":"plain"}}},"description_kind":"plain"}},"kion_funding_source":{"version":0,"block":{"attributes":{"id":{"type":"string","description_kind":"plain","optional":true,"computed":true},"list":{"type":["list",["object",{"amount":"number","description":"string","end_datecode":"string","name":"string","ou_id":"number","start_datecode":"string"}]],"description":"This is where Kion makes the discovered data available as a list of resources.","description_kind":"plain","computed":true}},"block_types":{"filter":{"nesting_mode":"list","block":{"attributes":{"name":{"type":"string","description":"The field name whose values you wish to filter by.","description_kind":"plain","required":true},"regex":{"type":"bool","description":"Dictates if the values provided should be treated as regular expressions.","description_kind":"plain","optional":true},"values":{"type":["list","string"],"description":"The values of the field name you specified.","description_kind":"plain","required":true}},"description_kind":"plain"}}},"description_kind":"plain"}},"kion_funding_source_permission_mapping":{"version":0,"block":{"attributes":{"funding_source_id":{"type":"number","description":"ID of the funding source to fetch permission mappings for.","description_kind":"plain","required":true},"id":{"type":"string","description_kind":"plain","optional":true,"computed":true},"list":{"type":["list",["object",{"app_role_id":"number","user_groups_ids":["set","number"],"user_ids":["set","number"]}]],"description":"List of permission mappings.","description_kind":"plain","computed":true}},"description_kind":"plain"}},"kion_gcp_iam_role":{"version":0,"block":{"attributes":{"id":{"type":"string","description_kind":"plain","optional":true,"computed":true},"list":{"type":["list",["object",{"description":"string","gcp_id":"string","gcp_managed_policy":"bool","gcp_role_launch_stage":"number","id":"number","name":"string","owner_user_groups":["list",["object",{"id":"number"}]],"owner_users":["list",["object",{"id":"number"}]],"role_permissions":["list","string"],"system_managed_policy":"bool"}]],"description":"This is where Kion makes the discovered data available as a list of resources.","description_kind":"plain","computed":true}},"block_types":{"filter":{"nesting_mode":"list","block":{"attributes":{"name":{"type":"string","description":"The field name whose values you wish to filter by.","description_kind":"plain","required":true},"regex":{"type":"bool","description":"Dictates if the values provided should be treated as regular expressions.","description_kind":"plain","optional":true},"values":{"type":["list","string"],"description":"The values of the field name you specified.","description_kind":"plain","required":true}},"description_kind":"plain"}}},"description_kind":"plain"}},"kion_global_permission_mapping":{"version":0,"block":{"attributes":{"id":{"type":"string","description_kind":"plain","optional":true,"computed":true},"list":{"type":["list",["object",{"app_role_id":"number","user_groups_ids":["set","number"],"user_ids":["set","number"]}]],"description":"List of global permission mappings.","description_kind":"plain","computed":true}},"description_kind":"plain"}},"kion_label":{"version":0,"block":{"attributes":{"id":{"type":"string","description_kind":"plain","optional":true,"computed":true},"list":{"type":["list",["object",{"color":"string","id":"number","key":"string","value":"string"}]],"description":"This is where Kion makes the discovered data available as a list of resources.","description_kind":"plain","computed":true}},"block_types":{"filter":{"nesting_mode":"list","block":{"attributes":{"name":{"type":"string","description":"The field name whose values you wish to filter by.","description_kind":"plain","required":true},"regex":{"type":"bool","description":"Dictates if the values provided should be treated as regular expressions.","description_kind":"plain","optional":true},"values":{"type":["list","string"],"description":"The values of the field name you specified.","description_kind":"plain","required":true}},"description_kind":"plain"}}},"description_kind":"plain"}},"kion_ou":{"version":0,"block":{"attributes":{"id":{"type":"string","description_kind":"plain","optional":true,"computed":true},"list":{"type":["list",["object",{"created_at":"string","description":"string","id":"number","name":"string","parent_ou_id":"number","permission_scheme_id":"number"}]],"description":"This is where Kion makes the discovered data available as a list of resources.","description_kind":"plain","computed":true}},"block_types":{"filter":{"nesting_mode":"list","block":{"attributes":{"name":{"type":"string","description":"The field name whose values you wish to filter by.","description_kind":"plain","required":true},"regex":{"type":"bool","description":"Dictates if the values provided should be treated as regular expressions.","description_kind":"plain","optional":true},"values":{"type":["list","string"],"description":"The values of the field name you specified.","description_kind":"plain","required":true}},"description_kind":"plain"}}},"description_kind":"plain"}},"kion_ou_permission_mapping":{"version":0,"block":{"attributes":{"id":{"type":"string","description_kind":"plain","optional":true,"computed":true},"list":{"type":["list",["object",{"app_role_id":"number","user_groups_ids":["set","number"],"user_ids":["set","number"]}]],"description":"List of permission mappings.","description_kind":"plain","computed":true},"ou_id":{"type":"number","description":"ID of the OU to fetch permission mappings for.","description_kind":"plain","required":true}},"description_kind":"plain"}},"kion_project":{"version":0,"block":{"attributes":{"id":{"type":"string","description_kind":"plain","optional":true,"computed":true},"list":{"type":["list",["object",{"archived":"bool","auto_pay":"bool","default_aws_region":"string","description":"string","id":"number","name":"string","ou_id":"number"}]],"description":"This is where Kion makes the discovered data available as a list of resources.","description_kind":"plain","computed":true}},"block_types":{"filter":{"nesting_mode":"list","block":{"attributes":{"name":{"type":"string","description":"The field name whose values you wish to filter by.","description_kind":"plain","required":true},"regex":{"type":"bool","description":"Dictates if the values provided should be treated as regular expressions.","description_kind":"plain","optional":true},"values":{"type":["list","string"],"description":"The values of the field name you specified.","description_kind":"plain","required":true}},"description_kind":"plain"}}},"description_kind":"plain"}},"kion_project_enforcement":{"version":0,"block":{"attributes":{"enforcements":{"type":["list",["object",{"amount_type":"string","cloud_rule_id":"number","description":"string","enabled":"bool","id":"number","notification_frequency":"string","ou_id":"number","project_id":"number","service_id":"number","spend_option":"string","threshold":"number","threshold_type":"string","timeframe":"string","triggered":"bool","user_group_ids":["list","number"],"user_ids":["list","number"]}]],"description":"List of project enforcement policies configured in the system.","description_kind":"plain","computed":true},"id":{"type":"string","description_kind":"plain","optional":true,"computed":true}},"block_types":{"filter":{"nesting_mode":"list","block":{"attributes":{"name":{"type":"string","description":"The field name whose values you wish to filter by.","description_kind":"plain","required":true},"regex":{"type":"bool","description":"Dictates if the values provided should be treated as regular expressions.","description_kind":"plain","optional":true},"values":{"type":["list","string"],"description":"The values of the field name you specified.","description_kind":"plain","required":true}},"description_kind":"plain"}}},"description_kind":"plain"}},"kion_project_permission_mapping":{"version":0,"block":{"attributes":{"id":{"type":"string","description_kind":"plain","optional":true,"computed":true},"list":{"type":["list",["object",{"app_role_id":"number","user_groups_ids":["set","number"],"user_ids":["set","number"]}]],"description":"List of permission mappings.","description_kind":"plain","computed":true},"project_id":{"type":"number","description":"ID of the project to fetch permission mappings for.","description_kind":"plain","required":true}},"description_kind":"plain"}},"kion_saml_group_association":{"version":0,"block":{"attributes":{"id":{"type":"string","description_kind":"plain","optional":true,"computed":true},"list":{"type":["list",["object",{"assertion_name":"string","assertion_regex":"string","id":"number","idms_id":"number","idms_saml_id":"number","should_update_on_login":"bool","user_group_id":"number"}]],"description":"This is where Kion makes the discovered data available as a list of resources.","description_kind":"plain","computed":true}},"block_types":{"filter":{"nesting_mode":"list","block":{"attributes":{"name":{"type":"string","description":"The field name whose values you wish to filter by.","description_kind":"plain","required":true},"regex":{"type":"bool","description":"Dictates if the values provided should be treated as regular expressions.","description_kind":"plain","optional":true},"values":{"type":["list","string"],"description":"The values of the field name you specified.","description_kind":"plain","required":true}},"description_kind":"plain"}}},"description_kind":"plain"}},"kion_service_control_policy":{"version":0,"block":{"attributes":{"id":{"type":"string","description_kind":"plain","optional":true,"computed":true},"list":{"type":["list",["object",{"aws_managed_policy":"bool","created_by_user_id":"number","description":"string","id":"number","name":"string","owner_user_groups":["list",["object",{"id":"number"}]],"owner_users":["list",["object",{"id":"number"}]],"policy":"string","system_managed_policy":"bool"}]],"description":"This is where Kion makes the discovered data available as a list of resources.","description_kind":"plain","computed":true}},"block_types":{"filter":{"nesting_mode":"list","block":{"attributes":{"name":{"type":"string","description":"The field name whose values you wish to filter by.","description_kind":"plain","required":true},"regex":{"type":"bool","description":"Dictates if the values provided should be treated as regular expressions.","description_kind":"plain","optional":true},"values":{"type":["list","string"],"description":"The values of the field name you specified.","description_kind":"plain","required":true}},"description_kind":"plain"}}},"description_kind":"plain"}},"kion_user":{"version":0,"block":{"attributes":{"id":{"type":"string","description_kind":"plain","optional":true,"computed":true},"list":{"type":["list","number"],"description":"This is where Kion makes the discovered data available as a list of user IDs.","description_kind":"plain","computed":true}},"block_types":{"filter":{"nesting_mode":"list","block":{"attributes":{"enabled":{"type":"bool","description":"Filter by whether the user is enabled.","description_kind":"plain","optional":true},"username":{"type":"string","description":"The username you wish to filter by.","description_kind":"plain","optional":true}},"description_kind":"plain"}}},"description_kind":"plain"}},"kion_user_group":{"version":0,"block":{"attributes":{"id":{"type":"string","description_kind":"plain","optional":true,"computed":true},"list":{"type":["list",["object",{"created_at":"string","description":"string","enabled":"bool","id":"number","idms_id":"number","name":"string"}]],"description":"This is where Kion makes the discovered data available as a list of resources.","description_kind":"plain","computed":true}},"block_types":{"filter":{"nesting_mode":"list","block":{"attributes":{"name":{"type":"string","description":"The field name whose values you wish to filter by.","description_kind":"plain","required":true},"regex":{"type":"bool","description":"Dictates if the values provided should be treated as regular expressions.","description_kind":"plain","optional":true},"values":{"type":["list","string"],"description":"The values of the field name you specified.","description_kind":"plain","required":true}},"description_kind":"plain"}}},"description_kind":"plain"}},"kion_webhook":{"version":0,"block":{"attributes":{"callout_url":{"type":"string","description":"The URL to which the webhook will send requests.","description_kind":"plain","computed":true},"description":{"type":"string","description":"Description of the webhook.","description_kind":"plain","computed":true},"id":{"type":"string","description":"The ID of the webhook to retrieve.","description_kind":"plain","required":true},"name":{"type":"string","description":"The name of the webhook.","description_kind":"plain","computed":true},"owner_user_group_ids":{"type":["set","number"],"description":"Set of user group IDs that own the webhook.","description_kind":"plain","computed":true},"owner_user_ids":{"type":["set","number"],"description":"Set of user IDs that own the webhook.","description_kind":"plain","computed":true},"request_body":{"type":"string","description":"The request body to be sent with the webhook.","description_kind":"plain","computed":true},"request_headers":{"type":"string","description":"Headers to be included in the webhook request.","description_kind":"plain","computed":true},"request_method":{"type":"string","description":"HTTP method to be used for the webhook (GET, POST, etc.).","description_kind":"plain","computed":true},"should_send_secure_info":{"type":"bool","description":"Whether the webhook should send secure information.","description_kind":"plain","computed":true},"skip_ssl":{"type":"bool","description":"Whether to skip SSL verification.","description_kind":"plain","computed":true},"timeout_in_seconds":{"type":"number","description":"Timeout for the webhook request in seconds.","description_kind":"plain","computed":true},"use_request_headers":{"type":"bool","description":"Whether to use request headers in the webhook request.","description_kind":"plain","computed":true}},"description_kind":"plain"}}}}}}
